Microsoft Visual Studio Solution File, Format Version 12.00
# Visual Studio Version 16
VisualStudioVersion = 16.0.29613.14
MinimumVisualStudioVersion = 10.0.40219.1
Project("{9A19103F-16F7-4668-BE54-9A1E7A4F7556}") = "VirtualWhiteboardAPI", "VirtualWhiteboardAPI\VirtualWhiteboardAPI.csproj", "{4D325F4A-1671-454F-A4DE-F4C1EF09FD20}"
EndProject
Global
	GlobalSection(SolutionConfigurationPlatforms) = preSolution
		Debug|Any CPU = Debug|Any CPU
		Release|Any CPU = Release|Any CPU
	EndGlobalSection
	GlobalSection(ProjectConfigurationPlatforms) = postSolution
		{4D325F4A-1671-454F-A4DE-F4C1EF09FD20}.Debug|Any CPU.ActiveCfg = Debug|Any CPU
		{4D325F4A-1671-454F-A4DE-F4C1EF09FD20}.Debug|Any CPU.Build.0 = Debug|Any CPU
		{4D325F4A-1671-454F-A4DE-F4C1EF09FD20}.Release|Any CPU.ActiveCfg = Release|Any CPU
		{4D325F4A-1671-454F-A4DE-F4C1EF09FD20}.Release|Any CPU.Build.0 = Release|Any CPU
	EndGlobalSection
	GlobalSection(SolutionProperties) = preSolution
		HideSolutionNode = FALSE
	EndGlobalSection
	GlobalSection(ExtensibilityGlobals) = postSolution
		SolutionGuid = {2409D5DF-A309-40D4-8C1D-B750247051FC}
	EndGlobalSection
EndGlobal
